
Microsoft Visual Studio Solution File, Format Version 12.00
# Visual Studio 15
VisualStudioVersion = 15.0.27703.2026
MinimumVisualStudioVersion = 10.0.40219.1
Project("{9A19103F-16F7-4668-BE54-9A1E7A4F7556}") = "Server", "Server\Server.csproj", "{DCF25C9F-BFDA-4852-BD7E-5A67E8252E45}"
EndProject
Project("{9A19103F-16F7-4668-BE54-9A1E7A4F7556}") = "Server.Tests", "Server.Tests\Server.Tests.csproj", "{151361AA-4B3D-4649-BD10-5B4C7A34BD5E}"
EndProject
Global
	GlobalSection(SolutionConfigurationPlatforms) = preSolution
		Debug|Any CPU = Debug|Any CPU
		Release|Any CPU = Release|Any CPU
	EndGlobalSection
	GlobalSection(ProjectConfigurationPlatforms) = postSolution
		{DCF25C9F-BFDA-4852-BD7E-5A67E8252E45}.Debug|Any CPU.ActiveCfg = Debug|Any CPU
		{DCF25C9F-BFDA-4852-BD7E-5A67E8252E45}.Debug|Any CPU.Build.0 = Debug|Any CPU
		{DCF25C9F-BFDA-4852-BD7E-5A67E8252E45}.Release|Any CPU.ActiveCfg = Release|Any CPU
		{DCF25C9F-BFDA-4852-BD7E-5A67E8252E45}.Release|Any CPU.Build.0 = Release|Any CPU
		{151361AA-4B3D-4649-BD10-5B4C7A34BD5E}.Debug|Any CPU.ActiveCfg = Debug|Any CPU
		{151361AA-4B3D-4649-BD10-5B4C7A34BD5E}.Debug|Any CPU.Build.0 = Debug|Any CPU
		{151361AA-4B3D-4649-BD10-5B4C7A34BD5E}.Release|Any CPU.ActiveCfg = Release|Any CPU
		{151361AA-4B3D-4649-BD10-5B4C7A34BD5E}.Release|Any CPU.Build.0 = Release|Any CPU
	EndGlobalSection
	GlobalSection(SolutionProperties) = preSolution
		HideSolutionNode = FALSE
	EndGlobalSection
	GlobalSection(ExtensibilityGlobals) = postSolution
		SolutionGuid = {C4500AB5-68EB-4AF3-A734-E192DC0C2017}
	EndGlobalSection
EndGlobal
